// !$*UTF8*$!
{
	archiveVersion = 1;
	classes = {
	};
	objectVersion = 46;
	objects = {

/* Begin PBXBuildFile section */
		3E1F0CD019E5119E0034C490 /* CoreTelephony.framework in Frameworks */ = {isa = PBXBuildFile; fileRef = 3E1F0CCF19E5119E0034C490 /* CoreTelephony.framework */; };
		3E1F0CD219E51A7E0034C490 /* BluetoothManager.framework in Frameworks */ = {isa = PBXBuildFile; fileRef = 3E1F0CD119E51A7E0034C490 /* BluetoothManager.framework */; };
		3E9D074519E50FE1008C21CA /* main.m in Sources */ = {isa = PBXBuildFile; fileRef = 3E9D074419E50FE1008C21CA /* main.m */; };
		3E9D074819E50FE1008C21CA /* AppDelegate.m in Sources */ = {isa = PBXBuildFile; fileRef = 3E9D074719E50FE1008C21CA /* AppDelegate.m */; };
		3E9D074B19E50FE1008C21CA /* GLViewController.m in Sources */ = {isa = PBXBuildFile; fileRef = 3E9D074A19E50FE1008C21CA /* GLViewController.m */; };
		3E9D074E19E50FE1008C21CA /* Main.storyboard in Resources */ = {isa = PBXBuildFile; fileRef = 3E9D074C19E50FE1008C21CA /* Main.storyboard */; };
		3E9D075019E50FE1008C21CA /* Images.xcassets in Resources */ = {isa = PBXBuildFile; fileRef = 3E9D074F19E50FE1008C21CA /* Images.xcassets */; };
		3E9D075319E50FE1008C21CA /* LaunchScreen.xib in Resources */ = {isa = PBXBuildFile; fileRef = 3E9D075119E50FE1008C21CA /* LaunchScreen.xib */; };
		3E9D075F19E50FE1008C21CA /* MobileDataSwitchTests.m in Sources */ = {isa = PBXBuildFile; fileRef = 3E9D075E19E50FE1008C21CA /* MobileDataSwitchTests.m */; };
/* End PBXBuildFile section */

/* Begin PBXContainerItemProxy section */
		3E9D075919E50FE1008C21CA /* PBXContainerItemProxy */ = {
			isa = PBXContainerItemProxy;
			containerPortal = 3E9D073719E50FE1008C21CA /* Project object */;
			proxyType = 1;
			remoteGlobalIDString = 3E9D073E19E50FE1008C21CA;
			remoteInfo = MobileDataSwitch;
		};
/* End PBXContainerItemProxy section */

/* Begin PBXFileReference section */
		3E1F0CCF19E5119E0034C490 /* CoreTelephony.framework */ = {isa = PBXFileReference; lastKnownFileType = wrapper.framework; name = CoreTelephony.framework; path = System/Library/Frameworks/CoreTelephony.framework; sourceTree = SDKROOT; };
		3E1F0CD119E51A7E0034C490 /* BluetoothManager.framework */ = {isa = PBXFileReference; lastKnownFileType = wrapper.framework; path = BluetoothManager.framework; sourceTree = "<group>"; };
		3E9D073F19E50FE1008C21CA /* MobileDataSwitch.app */ = {isa = PBXFileReference; explicitFileType = wrapper.application; includeInIndex = 0; path = MobileDataSwitch.app; sourceTree = BUILT_PRODUCTS_DIR; };
		3E9D074319E50FE1008C21CA /* Info.plist */ = {isa = PBXFileReference; lastKnownFileType = text.plist.xml; path = Info.plist; sourceTree = "<group>"; };
		3E9D074419E50FE1008C21CA /* main.m */ = {isa = PBXFileReference; lastKnownFileType = sourcecode.c.objc; path = main.m; sourceTree = "<group>"; };
		3E9D074619E50FE1008C21CA /* AppDelegate.h */ = {isa = PBXFileReference; lastKnownFileType = sourcecode.c.h; path = AppDelegate.h; sourceTree = "<group>"; };
		3E9D074719E50FE1008C21CA /* AppDelegate.m */ = {isa = PBXFileReference; lastKnownFileType = sourcecode.c.objc; path = AppDelegate.m; sourceTree = "<group>"; };
		3E9D074919E50FE1008C21CA /* GLViewController.h */ = {isa = PBXFileReference; lastKnownFileType = sourcecode.c.h; path = GLViewController.h; sourceTree = "<group>"; };
		3E9D074A19E50FE1008C21CA /* GLViewController.m */ = {isa = PBXFileReference; lastKnownFileType = sourcecode.c.objc; path = GLViewController.m; sourceTree = "<group>"; };
		3E9D074D19E50FE1008C21CA /* Base */ = {isa = PBXFileReference; lastKnownFileType = file.storyboard; name = Base; path = Base.lproj/Main.storyboard; sourceTree = "<group>"; };
		3E9D074F19E50FE1008C21CA /* Images.xcassets */ = {isa = PBXFileReference; lastKnownFileType = folder.assetcatalog; path = Images.xcassets; sourceTree = "<group>"; };
		3E9D075219E50FE1008C21CA /* Base */ = {isa = PBXFileReference; lastKnownFileType = file.xib; name = Base; path = Base.lproj/LaunchScreen.xib; sourceTree = "<group>"; };
		3E9D075819E50FE1008C21CA /* MobileDataSwitchTests.xctest */ = {isa = PBXFileReference; explicitFileType = wrapper.cfbundle; includeInIndex = 0; path = MobileDataSwitchTests.xctest; sourceTree = BUILT_PRODUCTS_DIR; };
		3E9D075D19E50FE1008C21CA /* Info.plist */ = {isa = PBXFileReference; lastKnownFileType = text.plist.xml; path = Info.plist; sourceTree = "<group>"; };
		3E9D075E19E50FE1008C21CA /* MobileDataSwitchTests.m */ = {isa = PBXFileReference; lastKnownFileType = sourcecode.c.objc; path = MobileDataSwitchTests.m; sourceTree = "<group>"; };
/* End PBXFileReference section */

/* Begin PBXFrameworksBuildPhase section */
		3E9D073C19E50FE1008C21CA /* Frameworks */ = {
			isa = PBXFrameworksBuildPhase;
			buildActionMask = 2147483647;
			files = (
				3E1F0CD019E5119E0034C490 /* CoreTelephony.framework in Frameworks */,
				3E1F0CD219E51A7E0034C490 /* BluetoothManager.framework in Frameworks */,
			);
			runOnlyForDeploymentPostprocessing = 0;
		};
		3E9D075519E50FE1008C21CA /* Frameworks */ = {
			isa = PBXFrameworksBuildPhase;
			buildActionMask = 2147483647;
			files = (
			);
			runOnlyForDeploymentPostprocessing = 0;
		};
/* End PBXFrameworksBuildPhase section */

/* Begin PBXGroup section */
		3E9D073619E50FE1008C21CA = {
			isa = PBXGroup;
			children = (
				3E1F0CD119E51A7E0034C490 /* BluetoothManager.framework */,
				3E1F0CCF19E5119E0034C490 /* CoreTelephony.framework */,
				3E9D074119E50FE1008C21CA /* MobileDataSwitch */,
				3E9D075B19E50FE1008C21CA /* MobileDataSwitchTests */,
				3E9D074019E50FE1008C21CA /* Products */,
			);
			sourceTree = "<group>";
		};
		3E9D074019E50FE1008C21CA /* Products */ = {
			isa = PBXGroup;
			children = (
				3E9D073F19E50FE1008C21CA /* MobileDataSwitch.app */,
				3E9D075819E50FE1008C21CA /* MobileDataSwitchTests.xctest */,
			);
			name = Products;
			sourceTree = "<group>";
		};
		3E9D074119E50FE1008C21CA /* MobileDataSwitch */ = {
			isa = PBXGroup;
			children = (
				3E9D074619E50FE1008C21CA /* AppDelegate.h */,
				3E9D074719E50FE1008C21CA /* AppDelegate.m */,
				3E9D074919E50FE1008C21CA /* GLViewController.h */,
				3E9D074A19E50FE1008C21CA /* GLViewController.m */,
				3E9D074C19E50FE1008C21CA /* Main.storyboard */,
				3E9D074F19E50FE1008C21CA /* Images.xcassets */,
				3E9D075119E50FE1008C21CA /* LaunchScreen.xib */,
				3E9D074219E50FE1008C21CA /* Supporting Files */,
			);
			path = MobileDataSwitch;
			sourceTree = "<group>";
		};
		3E9D074219E50FE1008C21CA /* Supporting Files */ = {
			isa = PBXGroup;
			children = (
				3E9D074319E50FE1008C21CA /* Info.plist */,
				3E9D074419E50FE1008C21CA /* main.m */,
			);
			name = "Supporting Files";
			sourceTree = "<group>";
		};
		3E9D075B19E50FE1008C21CA /* MobileDataSwitchTests */ = {
			isa = PBXGroup;
			children = (
				3E9D075E19E50FE1008C21CA /* MobileDataSwitchTests.m */,
				3E9D075C19E50FE1008C21CA /* Supporting Files */,
			);
			path = MobileDataSwitchTests;
			sourceTree = "<group>";
		};
		3E9D075C19E50FE1008C21CA /* Supporting Files */ = {
			isa = PBXGroup;
			children = (
				3E9D075D19E50FE1008C21CA /* Info.plist */,
			);
			name = "Supporting Files";
			sourceTree = "<group>";
		};
/* End PBXGroup section */

/* Begin PBXNativeTarget section */
		3E9D073E19E50FE1008C21CA /* MobileDataSwitch */ = {
			isa = PBXNativeTarget;
			buildConfigurationList = 3E9D076219E50FE1008C21CA /* Build configuration list for PBXNativeTarget "MobileDataSwitch" */;
			buildPhases = (
				3E9D073B19E50FE1008C21CA /* Sources */,
				3E9D073C19E50FE1008C21CA /* Frameworks */,
				3E9D073D19E50FE1008C21CA /* Resources */,
			);
			buildRules = (
			);
			dependencies = (
			);
			name = MobileDataSwitch;
			productName = MobileDataSwitch;
			productReference = 3E9D073F19E50FE1008C21CA /* MobileDataSwitch.app */;
			productType = "com.apple.product-type.application";
		};
		3E9D075719E50FE1008C21CA /* MobileDataSwitchTests */ = {
			isa = PBXNativeTarget;
			buildConfigurationList = 3E9D076519E50FE1008C21CA /* Build configuration list for PBXNativeTarget "MobileDataSwitchTests" */;
			buildPhases = (
				3E9D075419E50FE1008C21CA /* Sources */,
				3E9D075519E50FE1008C21CA /* Frameworks */,
				3E9D075619E50FE1008C21CA /* Resources */,
			);
			buildRules = (
			);
			dependencies = (
				3E9D075A19E50FE1008C21CA /* PBXTargetDependency */,
			);
			name = MobileDataSwitchTests;
			productName = MobileDataSwitchTests;
			productReference = 3E9D075819E50FE1008C21CA /* MobileDataSwitchTests.xctest */;
			productType = "com.apple.product-type.bundle.unit-test";
		};
/* End PBXNativeTarget section */

/* Begin PBXProject section */
		3E9D073719E50FE1008C21CA /* Project object */ = {
			isa = PBXProject;
			attributes = {
				LastUpgradeCheck = 0600;
				ORGANIZATIONNAME = GL;
				TargetAttributes = {
					3E9D073E19E50FE1008C21CA = {
						CreatedOnToolsVersion = 6.0.1;
					};
					3E9D075719E50FE1008C21CA = {
						CreatedOnToolsVersion = 6.0.1;
						TestTargetID = 3E9D073E19E50FE1008C21CA;
					};
				};
			};
			buildConfigurationList = 3E9D073A19E50FE1008C21CA /* Build configuration list for PBXProject "MobileDataSwitch" */;
			compatibilityVersion = "Xcode 3.2";
			developmentRegion = English;
			hasScannedForEncodings = 0;
			knownRegions = (
				en,
				Base,
			);
			mainGroup = 3E9D073619E50FE1008C21CA;
			productRefGroup = 3E9D074019E50FE1008C21CA /* Products */;
			projectDirPath = "";
			projectRoot = "";
			targets = (
				3E9D073E19E50FE1008C21CA /* MobileDataSwitch */,
				3E9D075719E50FE1008C21CA /* MobileDataSwitchTests */,
			);
		};
/* End PBXProject section */

/* Begin PBXResourcesBuildPhase section */
		3E9D073D19E50FE1008C21CA /* Resources */ = {
			isa = PBXResourcesBuildPhase;
			buildActionMask = 2147483647;
			files = (
				3E9D074E19E50FE1008C21CA /* Main.storyboard in Resources */,
				3E9D075319E50FE1008C21CA /* LaunchScreen.xib in Resources */,
				3E9D075019E50FE1008C21CA /* Images.xcassets in Resources */,
			);
			runOnlyForDeploymentPostprocessing = 0;
		};
		3E9D075619E50FE1008C21CA /* Resources */ = {
			isa = PBXResourcesBuildPhase;
			buildActionMask = 2147483647;
			files = (
			);
			runOnlyForDeploymentPostprocessing = 0;
		};
/* End PBXResourcesBuildPhase section */

/* Begin PBXSourcesBuildPhase section */
		3E9D073B19E50FE1008C21CA /* Sources */ = {
			isa = PBXSourcesBuildPhase;
			buildActionMask = 2147483647;
			files = (
				3E9D074B19E50FE1008C21CA /* GLViewController.m in Sources */,
				3E9D074819E50FE1008C21CA /* AppDelegate.m in Sources */,
				3E9D074519E50FE1008C21CA /* main.m in Sources */,
			);
			runOnlyForDeploymentPostprocessing = 0;
		};
		3E9D075419E50FE1008C21CA /* Sources */ = {
			isa = PBXSourcesBuildPhase;
			buildActionMask = 2147483647;
			files = (
				3E9D075F19E50FE1008C21CA /* MobileDataSwitchTests.m in Sources */,
			);
			runOnlyForDeploymentPostprocessing = 0;
		};
/* End PBXSourcesBuildPhase section */

/* Begin PBXTargetDependency section */
		3E9D075A19E50FE1008C21CA /* PBXTargetDependency */ = {
			isa = PBXTargetDependency;
			target = 3E9D073E19E50FE1008C21CA /* MobileDataSwitch */;
			targetProxy = 3E9D075919E50FE1008C21CA /* PBXContainerItemProxy */;
		};
/* End PBXTargetDependency section */

/* Begin PBXVariantGroup section */
		3E9D074C19E50FE1008C21CA /* Main.storyboard */ = {
			isa = PBXVariantGroup;
			children = (
				3E9D074D19E50FE1008C21CA /* Base */,
			);
			name = Main.storyboard;
			sourceTree = "<group>";
		};
		3E9D075119E50FE1008C21CA /* LaunchScreen.xib */ = {
			isa = PBXVariantGroup;
			children = (
				3E9D075219E50FE1008C21CA /* Base */,
			);
			name = LaunchScreen.xib;
			sourceTree = "<group>";
		};
/* End PBXVariantGroup section */

/* Begin XCBuildConfiguration section */
		3E9D076019E50FE1008C21CA /* Debug */ = {
			isa = XCBuildConfiguration;
			buildSettings = {
				ALWAYS_SEARCH_USER_PATHS = NO;
				CLANG_CXX_LANGUAGE_STANDARD = "gnu++0x";
				CLANG_CXX_LIBRARY = "libc++";
				CLANG_ENABLE_MODULES = YES;
				CLANG_ENABLE_OBJC_ARC = YES;
				CLANG_WARN_BOOL_CONVERSION = YES;
				CLANG_WARN_CONSTANT_CONVERSION = YES;
				CLANG_WARN_DIRECT_OBJC_ISA_USAGE = YES_ERROR;
				CLANG_WARN_EMPTY_BODY = YES;
				CLANG_WARN_ENUM_CONVERSION = YES;
				CLANG_WARN_INT_CONVERSION = YES;
				CLANG_WARN_OBJC_ROOT_CLASS = YES_ERROR;
				CLANG_WARN_UNREACHABLE_CODE = YES;
				CLANG_WARN__DUPLICATE_METHOD_MATCH = YES;
				"CODE_SIGN_IDENTITY[sdk=iphoneos*]" = "iPhone Developer";
				COPY_PHASE_STRIP = NO;
				ENABLE_STRICT_OBJC_MSGSEND = YES;
				GCC_C_LANGUAGE_STANDARD = gnu99;
				GCC_DYNAMIC_NO_PIC = NO;
				GCC_OPTIMIZATION_LEVEL = 0;
				GCC_PREPROCESSOR_DEFINITIONS = (
					"DEBUG=1",
					"$(inherited)",
				);
				GCC_SYMBOLS_PRIVATE_EXTERN = NO;
				GCC_WARN_64_TO_32_BIT_CONVERSION = YES;
				GCC_WARN_ABOUT_RETURN_TYPE = YES_ERROR;
				GCC_WARN_UNDECLARED_SELECTOR = YES;
				GCC_WARN_UNINITIALIZED_AUTOS = YES_AGGRESSIVE;
				GCC_WARN_UNUSED_FUNCTION = YES;
				GCC_WARN_UNUSED_VARIABLE = YES;
				IPHONEOS_DEPLOYMENT_TARGET = 8.0;
				MTL_ENABLE_DEBUG_INFO = YES;
				ONLY_ACTIVE_ARCH = YES;
				SDKROOT = iphoneos;
			};
			name = Debug;
		};
		3E9D076119E50FE1008C21CA /* Release */ = {
			isa = XCBuildConfiguration;
			buildSettings = {
				ALWAYS_SEARCH_USER_PATHS = NO;
				CLANG_CXX_LANGUAGE_STANDARD = "gnu++0x";
				CLANG_CXX_LIBRARY = "libc++";
				CLANG_ENABLE_MODULES = YES;
				CLANG_ENABLE_OBJC_ARC = YES;
				CLANG_WARN_BOOL_CONVERSION = YES;
				CLANG_WARN_CONSTANT_CONVERSION = YES;
				CLANG_WARN_DIRECT_OBJC_ISA_USAGE = YES_ERROR;
				CLANG_WARN_EMPTY_BODY = YES;
				CLANG_WARN_ENUM_CONVERSION = YES;
				CLANG_WARN_INT_CONVERSION = YES;
				CLANG_WARN_OBJC_ROOT_CLASS = YES_ERROR;
				CLANG_WARN_UNREACHABLE_CODE = YES;
				CLANG_WARN__DUPLICATE_METHOD_MATCH = YES;
				"CODE_SIGN_IDENTITY[sdk=iphoneos*]" = "iPhone Developer";
				COPY_PHASE_STRIP = YES;
				ENABLE_NS_ASSERTIONS = NO;
				ENABLE_STRICT_OBJC_MSGSEND = YES;
				GCC_C_LANGUAGE_STANDARD = gnu99;
				GCC_WARN_64_TO_32_BIT_CONVERSION = YES;
				GCC_WARN_ABOUT_RETURN_TYPE = YES_ERROR;
				GCC_WARN_UNDECLARED_SELECTOR = YES;
				GCC_WARN_UNINITIALIZED_AUTOS = YES_AGGRESSIVE;
				GCC_WARN_UNUSED_FUNCTION = YES;
				GCC_WARN_UNUSED_VARIABLE = YES;
				IPHONEOS_DEPLOYMENT_TARGET = 8.0;
				MTL_ENABLE_DEBUG_INFO = NO;
				SDKROOT = iphoneos;
				VALIDATE_PRODUCT = YES;
			};
			name = Release;
		};
		3E9D076319E50FE1008C21CA /* Debug */ = {
			isa = XCBuildConfiguration;
			buildSettings = {
				ASSETCATALOG_COMPILER_APPICON_NAME = AppIcon;
				FRAMEWORK_SEARCH_PATHS = (
					"$(inherited)",
					"$(PROJECT_DIR)",
				);
				INFOPLIST_FILE = MobileDataSwitch/Info.plist;
				LD_RUNPATH_SEARCH_PATHS = "$(inherited) @executable_path/Frameworks";
				PRODUCT_NAME = "$(TARGET_NAME)";
			};
			name = Debug;
		};
		3E9D076419E50FE1008C21CA /* Release */ = {
			isa = XCBuildConfiguration;
			buildSettings = {
				ASSETCATALOG_COMPILER_APPICON_NAME = AppIcon;
				FRAMEWORK_SEARCH_PATHS = (
					"$(inherited)",
					"$(PROJECT_DIR)",
				);
				INFOPLIST_FILE = MobileDataSwitch/Info.plist;
				LD_RUNPATH_SEARCH_PATHS = "$(inherited) @executable_path/Frameworks";
				PRODUCT_NAME = "$(TARGET_NAME)";
			};
			name = Release;
		};
		3E9D076619E50FE1008C21CA /* Debug */ = {
			isa = XCBuildConfiguration;
			buildSettings = {
				BUNDLE_LOADER = "$(TEST_HOST)";
				FRAMEWORK_SEARCH_PATHS = (
					"$(SDKROOT)/Developer/Library/Frameworks",
					"$(inherited)",
				);
				GCC_PREPROCESSOR_DEFINITIONS = (
					"DEBUG=1",
					"$(inherited)",
				);
				INFOPLIST_FILE = MobileDataSwitchTests/Info.plist;
				LD_RUNPATH_SEARCH_PATHS = "$(inherited) @executable_path/Frameworks @loader_path/Frameworks";
				PRODUCT_NAME = "$(TARGET_NAME)";
				TEST_HOST = "$(BUILT_PRODUCTS_DIR)/MobileDataSwitch.app/MobileDataSwitch";
			};
			name = Debug;
		};
		3E9D076719E50FE1008C21CA /* Release */ = {
			isa = XCBuildConfiguration;
			buildSettings = {
				BUNDLE_LOADER = "$(TEST_HOST)";
				FRAMEWORK_SEARCH_PATHS = (
					"$(SDKROOT)/Developer/Library/Frameworks",
					"$(inherited)",
				);
				INFOPLIST_FILE = MobileDataSwitchTests/Info.plist;
				LD_RUNPATH_SEARCH_PATHS = "$(inherited) @executable_path/Frameworks @loader_path/Frameworks";
				PRODUCT_NAME = "$(TARGET_NAME)";
				TEST_HOST = "$(BUILT_PRODUCTS_DIR)/MobileDataSwitch.app/MobileDataSwitch";
			};
			name = Release;
		};
/* End XCBuildConfiguration section */

/* Begin XCConfigurationList section */
		3E9D073A19E50FE1008C21CA /* Build configuration list for PBXProject "MobileDataSwitch" */ = {
			isa = XCConfigurationList;
			buildConfigurations = (
				3E9D076019E50FE1008C21CA /* Debug */,
				3E9D076119E50FE1008C21CA /* Release */,
			);
			defaultConfigurationIsVisible = 0;
			defaultConfigurationName = Release;
		};
		3E9D076219E50FE1008C21CA /* Build configuration list for PBXNativeTarget "MobileDataSwitch" */ = {
			isa = XCConfigurationList;
			buildConfigurations = (
				3E9D076319E50FE1008C21CA /* Debug */,
				3E9D076419E50FE1008C21CA /* Release */,
			);
			defaultConfigurationIsVisible = 0;
			defaultConfigurationName = Release;
		};
		3E9D076519E50FE1008C21CA /* Build configuration list for PBXNativeTarget "MobileDataSwitchTests" */ = {
			isa = XCConfigurationList;
			buildConfigurations = (
				3E9D076619E50FE1008C21CA /* Debug */,
				3E9D076719E50FE1008C21CA /* Release */,
			);
			defaultConfigurationIsVisible = 0;
			defaultConfigurationName = Release;
		};
/* End XCConfigurationList section */
	};
	rootObject = 3E9D073719E50FE1008C21CA /* Project object */;
}
